
Microsoft Visual Studio Solution File, Format Version 12.00
# Visual Studio 15
VisualStudioVersion = 15.0.26228.4
MinimumVisualStudioVersion = 10.0.40219.1
Project("{FAE04EC0-301F-11D3-BF4B-00C04F79EFBC}") = "FaceIdXamarinSample.Android", "FaceIdXamarinSample\FaceIdXamarinSample.Android\FaceIdXamarinSample.Android.csproj", "{BD1BDDA3-158F-4D47-A61B-DDB2672C0DEC}"
EndProject
Project("{FAE04EC0-301F-11D3-BF4B-00C04F79EFBC}") = "FaceIdXamarinSample", "FaceIdXamarinSample\FaceIdXamarinSample\FaceIdXamarinSample.csproj", "{940F2569-47B4-4D53-926A-0DE06A4C5C61}"
EndProject
Project("{FAE04EC0-301F-11D3-BF4B-00C04F79EFBC}") = "FaceIdXamarinSample.UWP", "FaceIdXamarinSample\FaceIdXamarinSample.UWP\FaceIdXamarinSample.UWP.csproj", "{9AF7583F-6AED-4B24-9771-F946E0EB91E8}"
EndProject
Project("{FAE04EC0-301F-11D3-BF4B-00C04F79EFBC}") = "FaceIdXamarinSample.iOS", "FaceIdXamarinSample\FaceIdXamarinSample.iOS\FaceIdXamarinSample.iOS.csproj", "{F9DA4970-DA0A-457E-824E-5D455529757E}"
EndProject
Global
	GlobalSection(SolutionConfigurationPlatforms) = preSolution
		Ad-Hoc|Any CPU = Ad-Hoc|Any CPU
		Ad-Hoc|ARM = Ad-Hoc|ARM
		Ad-Hoc|iPhone = Ad-Hoc|iPhone
		Ad-Hoc|iPhoneSimulator = Ad-Hoc|iPhoneSimulator
		Ad-Hoc|x64 = Ad-Hoc|x64
		Ad-Hoc|x86 = Ad-Hoc|x86
		AppStore|Any CPU = AppStore|Any CPU
		AppStore|ARM = AppStore|ARM
		AppStore|iPhone = AppStore|iPhone
		AppStore|iPhoneSimulator = AppStore|iPhoneSimulator
		AppStore|x64 = AppStore|x64
		AppStore|x86 = AppStore|x86
		Debug|Any CPU = Debug|Any CPU
		Debug|ARM = Debug|ARM
		Debug|iPhone = Debug|iPhone
		Debug|iPhoneSimulator = Debug|iPhoneSimulator
		Debug|x64 = Debug|x64
		Debug|x86 = Debug|x86
		Release|Any CPU = Release|Any CPU
		Release|ARM = Release|ARM
		Release|iPhone = Release|iPhone
		Release|iPhoneSimulator = Release|iPhoneSimulator
		Release|x64 = Release|x64
		Release|x86 = Release|x86
	EndGlobalSection
	GlobalSection(ProjectConfigurationPlatforms) = postSolution
		{BD1BDDA3-158F-4D47-A61B-DDB2672C0DEC}.Ad-Hoc|Any CPU.ActiveCfg = Release|Any CPU
		{BD1BDDA3-158F-4D47-A61B-DDB2672C0DEC}.Ad-Hoc|Any CPU.Build.0 = Release|Any CPU
		{BD1BDDA3-158F-4D47-A61B-DDB2672C0DEC}.Ad-Hoc|Any CPU.Deploy.0 = Release|Any CPU
		{BD1BDDA3-158F-4D47-A61B-DDB2672C0DEC}.Ad-Hoc|ARM.ActiveCfg = Release|Any CPU
		{BD1BDDA3-158F-4D47-A61B-DDB2672C0DEC}.Ad-Hoc|ARM.Build.0 = Release|Any CPU
		{BD1BDDA3-158F-4D47-A61B-DDB2672C0DEC}.Ad-Hoc|ARM.Deploy.0 = Release|Any CPU
		{BD1BDDA3-158F-4D47-A61B-DDB2672C0DEC}.Ad-Hoc|iPhone.ActiveCfg = Release|Any CPU
		{BD1BDDA3-158F-4D47-A61B-DDB2672C0DEC}.Ad-Hoc|iPhone.Build.0 = Release|Any CPU
		{BD1BDDA3-158F-4D47-A61B-DDB2672C0DEC}.Ad-Hoc|iPhone.Deploy.0 = Release|Any CPU
		{BD1BDDA3-158F-4D47-A61B-DDB2672C0DEC}.Ad-Hoc|iPhoneSimulator.ActiveCfg = Release|Any CPU
		{BD1BDDA3-158F-4D47-A61B-DDB2672C0DEC}.Ad-Hoc|iPhoneSimulator.Build.0 = Release|Any CPU
		{BD1BDDA3-158F-4D47-A61B-DDB2672C0DEC}.Ad-Hoc|iPhoneSimulator.Deploy.0 = Release|Any CPU
		{BD1BDDA3-158F-4D47-A61B-DDB2672C0DEC}.Ad-Hoc|x64.ActiveCfg = Release|Any CPU
		{BD1BDDA3-158F-4D47-A61B-DDB2672C0DEC}.Ad-Hoc|x64.Build.0 = Release|Any CPU
		{BD1BDDA3-158F-4D47-A61B-DDB2672C0DEC}.Ad-Hoc|x64.Deploy.0 = Release|Any CPU
		{BD1BDDA3-158F-4D47-A61B-DDB2672C0DEC}.Ad-Hoc|x86.ActiveCfg = Release|Any CPU
		{BD1BDDA3-158F-4D47-A61B-DDB2672C0DEC}.Ad-Hoc|x86.Build.0 = Release|Any CPU
		{BD1BDDA3-158F-4D47-A61B-DDB2672C0DEC}.Ad-Hoc|x86.Deploy.0 = Release|Any CPU
		{BD1BDDA3-158F-4D47-A61B-DDB2672C0DEC}.AppStore|Any CPU.ActiveCfg = Release|Any CPU
		{BD1BDDA3-158F-4D47-A61B-DDB2672C0DEC}.AppStore|Any CPU.Build.0 = Release|Any CPU
		{BD1BDDA3-158F-4D47-A61B-DDB2672C0DEC}.AppStore|Any CPU.Deploy.0 = Release|Any CPU
		{BD1BDDA3-158F-4D47-A61B-DDB2672C0DEC}.AppStore|ARM.ActiveCfg = Release|Any CPU
		{BD1BDDA3-158F-4D47-A61B-DDB2672C0DEC}.AppStore|ARM.Build.0 = Release|Any CPU
		{BD1BDDA3-158F-4D47-A61B-DDB2672C0DEC}.AppStore|ARM.Deploy.0 = Release|Any CPU
		{BD1BDDA3-158F-4D47-A61B-DDB2672C0DEC}.AppStore|iPhone.ActiveCfg = Release|Any CPU
		{BD1BDDA3-158F-4D47-A61B-DDB2672C0DEC}.AppStore|iPhone.Build.0 = Release|Any CPU
		{BD1BDDA3-158F-4D47-A61B-DDB2672C0DEC}.AppStore|iPhone.Deploy.0 = Release|Any CPU
		{BD1BDDA3-158F-4D47-A61B-DDB2672C0DEC}.AppStore|iPhoneSimulator.ActiveCfg = Release|Any CPU
		{BD1BDDA3-158F-4D47-A61B-DDB2672C0DEC}.AppStore|iPhoneSimulator.Build.0 = Release|Any CPU
		{BD1BDDA3-158F-4D47-A61B-DDB2672C0DEC}.AppStore|iPhoneSimulator.Deploy.0 = Release|Any CPU
		{BD1BDDA3-158F-4D47-A61B-DDB2672C0DEC}.AppStore|x64.ActiveCfg = Release|Any CPU
		{BD1BDDA3-158F-4D47-A61B-DDB2672C0DEC}.AppStore|x64.Build.0 = Release|Any CPU
		{BD1BDDA3-158F-4D47-A61B-DDB2672C0DEC}.AppStore|x64.Deploy.0 = Release|Any CPU
		{BD1BDDA3-158F-4D47-A61B-DDB2672C0DEC}.AppStore|x86.ActiveCfg = Release|Any CPU
		{BD1BDDA3-158F-4D47-A61B-DDB2672C0DEC}.AppStore|x86.Build.0 = Release|Any CPU
		{BD1BDDA3-158F-4D47-A61B-DDB2672C0DEC}.AppStore|x86.Deploy.0 = Release|Any CPU
		{BD1BDDA3-158F-4D47-A61B-DDB2672C0DEC}.Debug|Any CPU.ActiveCfg = Debug|Any CPU
		{BD1BDDA3-158F-4D47-A61B-DDB2672C0DEC}.Debug|Any CPU.Build.0 = Debug|Any CPU
		{BD1BDDA3-158F-4D47-A61B-DDB2672C0DEC}.Debug|Any CPU.Deploy.0 = Debug|Any CPU
		{BD1BDDA3-158F-4D47-A61B-DDB2672C0DEC}.Debug|ARM.ActiveCfg = Debug|Any CPU
		{BD1BDDA3-158F-4D47-A61B-DDB2672C0DEC}.Debug|ARM.Build.0 = Debug|Any CPU
		{BD1BDDA3-158F-4D47-A61B-DDB2672C0DEC}.Debug|ARM.Deploy.0 = Debug|Any CPU
		{BD1BDDA3-158F-4D47-A61B-DDB2672C0DEC}.Debug|iPhone.ActiveCfg = Debug|Any CPU
		{BD1BDDA3-158F-4D47-A61B-DDB2672C0DEC}.Debug|iPhone.Build.0 = Debug|Any CPU
		{BD1BDDA3-158F-4D47-A61B-DDB2672C0DEC}.Debug|iPhone.Deploy.0 = Debug|Any CPU
		{BD1BDDA3-158F-4D47-A61B-DDB2672C0DEC}.Debug|iPhoneSimulator.ActiveCfg = Debug|Any CPU
		{BD1BDDA3-158F-4D47-A61B-DDB2672C0DEC}.Debug|iPhoneSimulator.Build.0 = Debug|Any CPU
		{BD1BDDA3-158F-4D47-A61B-DDB2672C0DEC}.Debug|iPhoneSimulator.Deploy.0 = Debug|Any CPU
		{BD1BDDA3-158F-4D47-A61B-DDB2672C0DEC}.Debug|x64.ActiveCfg = Debug|Any CPU
		{BD1BDDA3-158F-4D47-A61B-DDB2672C0DEC}.Debug|x64.Build.0 = Debug|Any CPU
		{BD1BDDA3-158F-4D47-A61B-DDB2672C0DEC}.Debug|x64.Deploy.0 = Debug|Any CPU
		{BD1BDDA3-158F-4D47-A61B-DDB2672C0DEC}.Debug|x86.ActiveCfg = Debug|Any CPU
		{BD1BDDA3-158F-4D47-A61B-DDB2672C0DEC}.Debug|x86.Build.0 = Debug|Any CPU
		{BD1BDDA3-158F-4D47-A61B-DDB2672C0DEC}.Debug|x86.Deploy.0 = Debug|Any CPU
		{BD1BDDA3-158F-4D47-A61B-DDB2672C0DEC}.Release|Any CPU.ActiveCfg = Release|Any CPU
		{BD1BDDA3-158F-4D47-A61B-DDB2672C0DEC}.Release|Any CPU.Build.0 = Release|Any CPU
		{BD1BDDA3-158F-4D47-A61B-DDB2672C0DEC}.Release|Any CPU.Deploy.0 = Release|Any CPU
		{BD1BDDA3-158F-4D47-A61B-DDB2672C0DEC}.Release|ARM.ActiveCfg = Release|Any CPU
		{BD1BDDA3-158F-4D47-A61B-DDB2672C0DEC}.Release|ARM.Build.0 = Release|Any CPU
		{BD1BDDA3-158F-4D47-A61B-DDB2672C0DEC}.Release|ARM.Deploy.0 = Release|Any CPU
		{BD1BDDA3-158F-4D47-A61B-DDB2672C0DEC}.Release|iPhone.ActiveCfg = Release|Any CPU
		{BD1BDDA3-158F-4D47-A61B-DDB2672C0DEC}.Release|iPhone.Build.0 = Release|Any CPU
		{BD1BDDA3-158F-4D47-A61B-DDB2672C0DEC}.Release|iPhone.Deploy.0 = Release|Any CPU
		{BD1BDDA3-158F-4D47-A61B-DDB2672C0DEC}.Release|iPhoneSimulator.ActiveCfg = Release|Any CPU
		{BD1BDDA3-158F-4D47-A61B-DDB2672C0DEC}.Release|iPhoneSimulator.Build.0 = Release|Any CPU
		{BD1BDDA3-158F-4D47-A61B-DDB2672C0DEC}.Release|iPhoneSimulator.Deploy.0 = Release|Any CPU
		{BD1BDDA3-158F-4D47-A61B-DDB2672C0DEC}.Release|x64.ActiveCfg = Release|Any CPU
		{BD1BDDA3-158F-4D47-A61B-DDB2672C0DEC}.Release|x64.Build.0 = Release|Any CPU
		{BD1BDDA3-158F-4D47-A61B-DDB2672C0DEC}.Release|x64.Deploy.0 = Release|Any CPU
		{BD1BDDA3-158F-4D47-A61B-DDB2672C0DEC}.Release|x86.ActiveCfg = Release|Any CPU
		{BD1BDDA3-158F-4D47-A61B-DDB2672C0DEC}.Release|x86.Build.0 = Release|Any CPU
		{BD1BDDA3-158F-4D47-A61B-DDB2672C0DEC}.Release|x86.Deploy.0 = Release|Any CPU
		{940F2569-47B4-4D53-926A-0DE06A4C5C61}.Ad-Hoc|Any CPU.ActiveCfg = Release|Any CPU
		{940F2569-47B4-4D53-926A-0DE06A4C5C61}.Ad-Hoc|Any CPU.Build.0 = Release|Any CPU
		{940F2569-47B4-4D53-926A-0DE06A4C5C61}.Ad-Hoc|ARM.ActiveCfg = Release|Any CPU
		{940F2569-47B4-4D53-926A-0DE06A4C5C61}.Ad-Hoc|ARM.Build.0 = Release|Any CPU
		{940F2569-47B4-4D53-926A-0DE06A4C5C61}.Ad-Hoc|iPhone.ActiveCfg = Release|Any CPU
		{940F2569-47B4-4D53-926A-0DE06A4C5C61}.Ad-Hoc|iPhone.Build.0 = Release|Any CPU
		{940F2569-47B4-4D53-926A-0DE06A4C5C61}.Ad-Hoc|iPhoneSimulator.ActiveCfg = Release|Any CPU
		{940F2569-47B4-4D53-926A-0DE06A4C5C61}.Ad-Hoc|iPhoneSimulator.Build.0 = Release|Any CPU
		{940F2569-47B4-4D53-926A-0DE06A4C5C61}.Ad-Hoc|x64.ActiveCfg = Release|Any CPU
		{940F2569-47B4-4D53-926A-0DE06A4C5C61}.Ad-Hoc|x64.Build.0 = Release|Any CPU
		{940F2569-47B4-4D53-926A-0DE06A4C5C61}.Ad-Hoc|x86.ActiveCfg = Release|Any CPU
		{940F2569-47B4-4D53-926A-0DE06A4C5C61}.Ad-Hoc|x86.Build.0 = Release|Any CPU
		{940F2569-47B4-4D53-926A-0DE06A4C5C61}.AppStore|Any CPU.ActiveCfg = Release|Any CPU
		{940F2569-47B4-4D53-926A-0DE06A4C5C61}.AppStore|Any CPU.Build.0 = Release|Any CPU
		{940F2569-47B4-4D53-926A-0DE06A4C5C61}.AppStore|ARM.ActiveCfg = Release|Any CPU
		{940F2569-47B4-4D53-926A-0DE06A4C5C61}.AppStore|ARM.Build.0 = Release|Any CPU
		{940F2569-47B4-4D53-926A-0DE06A4C5C61}.AppStore|iPhone.ActiveCfg = Release|Any CPU
		{940F2569-47B4-4D53-926A-0DE06A4C5C61}.AppStore|iPhone.Build.0 = Release|Any CPU
		{940F2569-47B4-4D53-926A-0DE06A4C5C61}.AppStore|iPhoneSimulator.ActiveCfg = Release|Any CPU
		{940F2569-47B4-4D53-926A-0DE06A4C5C61}.AppStore|iPhoneSimulator.Build.0 = Release|Any CPU
		{940F2569-47B4-4D53-926A-0DE06A4C5C61}.AppStore|x64.ActiveCfg = Release|Any CPU
		{940F2569-47B4-4D53-926A-0DE06A4C5C61}.AppStore|x64.Build.0 = Release|Any CPU
		{940F2569-47B4-4D53-926A-0DE06A4C5C61}.AppStore|x86.ActiveCfg = Release|Any CPU
		{940F2569-47B4-4D53-926A-0DE06A4C5C61}.AppStore|x86.Build.0 = Release|Any CPU
		{940F2569-47B4-4D53-926A-0DE06A4C5C61}.Debug|Any CPU.ActiveCfg = Debug|Any CPU
		{940F2569-47B4-4D53-926A-0DE06A4C5C61}.Debug|Any CPU.Build.0 = Debug|Any CPU
		{940F2569-47B4-4D53-926A-0DE06A4C5C61}.Debug|ARM.ActiveCfg = Debug|Any CPU
		{940F2569-47B4-4D53-926A-0DE06A4C5C61}.Debug|ARM.Build.0 = Debug|Any CPU
		{940F2569-47B4-4D53-926A-0DE06A4C5C61}.Debug|iPhone.ActiveCfg = Debug|Any CPU
		{940F2569-47B4-4D53-926A-0DE06A4C5C61}.Debug|iPhone.Build.0 = Debug|Any CPU
		{940F2569-47B4-4D53-926A-0DE06A4C5C61}.Debug|iPhoneSimulator.ActiveCfg = Debug|Any CPU
		{940F2569-47B4-4D53-926A-0DE06A4C5C61}.Debug|iPhoneSimulator.Build.0 = Debug|Any CPU
		{940F2569-47B4-4D53-926A-0DE06A4C5C61}.Debug|x64.ActiveCfg = Debug|Any CPU
		{940F2569-47B4-4D53-926A-0DE06A4C5C61}.Debug|x64.Build.0 = Debug|Any CPU
		{940F2569-47B4-4D53-926A-0DE06A4C5C61}.Debug|x86.ActiveCfg = Debug|Any CPU
		{940F2569-47B4-4D53-926A-0DE06A4C5C61}.Debug|x86.Build.0 = Debug|Any CPU
		{940F2569-47B4-4D53-926A-0DE06A4C5C61}.Release|Any CPU.ActiveCfg = Release|Any CPU
		{940F2569-47B4-4D53-926A-0DE06A4C5C61}.Release|Any CPU.Build.0 = Release|Any CPU
		{940F2569-47B4-4D53-926A-0DE06A4C5C61}.Release|ARM.ActiveCfg = Release|Any CPU
		{940F2569-47B4-4D53-926A-0DE06A4C5C61}.Release|ARM.Build.0 = Release|Any CPU
		{940F2569-47B4-4D53-926A-0DE06A4C5C61}.Release|iPhone.ActiveCfg = Release|Any CPU
		{940F2569-47B4-4D53-926A-0DE06A4C5C61}.Release|iPhone.Build.0 = Release|Any CPU
		{940F2569-47B4-4D53-926A-0DE06A4C5C61}.Release|iPhoneSimulator.ActiveCfg = Release|Any CPU
		{940F2569-47B4-4D53-926A-0DE06A4C5C61}.Release|iPhoneSimulator.Build.0 = Release|Any CPU
		{940F2569-47B4-4D53-926A-0DE06A4C5C61}.Release|x64.ActiveCfg = Release|Any CPU
		{940F2569-47B4-4D53-926A-0DE06A4C5C61}.Release|x64.Build.0 = Release|Any CPU
		{940F2569-47B4-4D53-926A-0DE06A4C5C61}.Release|x86.ActiveCfg = Release|Any CPU
		{940F2569-47B4-4D53-926A-0DE06A4C5C61}.Release|x86.Build.0 = Release|Any CPU
		{9AF7583F-6AED-4B24-9771-F946E0EB91E8}.Ad-Hoc|Any CPU.ActiveCfg = Release|x86
		{9AF7583F-6AED-4B24-9771-F946E0EB91E8}.Ad-Hoc|Any CPU.Build.0 = Release|x86
		{9AF7583F-6AED-4B24-9771-F946E0EB91E8}.Ad-Hoc|Any CPU.Deploy.0 = Release|x86
		{9AF7583F-6AED-4B24-9771-F946E0EB91E8}.Ad-Hoc|ARM.ActiveCfg = Release|ARM
		{9AF7583F-6AED-4B24-9771-F946E0EB91E8}.Ad-Hoc|ARM.Build.0 = Release|ARM
		{9AF7583F-6AED-4B24-9771-F946E0EB91E8}.Ad-Hoc|ARM.Deploy.0 = Release|ARM
		{9AF7583F-6AED-4B24-9771-F946E0EB91E8}.Ad-Hoc|iPhone.ActiveCfg = Release|x86
		{9AF7583F-6AED-4B24-9771-F946E0EB91E8}.Ad-Hoc|iPhone.Build.0 = Release|x86
		{9AF7583F-6AED-4B24-9771-F946E0EB91E8}.Ad-Hoc|iPhone.Deploy.0 = Release|x86
		{9AF7583F-6AED-4B24-9771-F946E0EB91E8}.Ad-Hoc|iPhoneSimulator.ActiveCfg = Release|x86
		{9AF7583F-6AED-4B24-9771-F946E0EB91E8}.Ad-Hoc|iPhoneSimulator.Build.0 = Release|x86
		{9AF7583F-6AED-4B24-9771-F946E0EB91E8}.Ad-Hoc|iPhoneSimulator.Deploy.0 = Release|x86
		{9AF7583F-6AED-4B24-9771-F946E0EB91E8}.Ad-Hoc|x64.ActiveCfg = Release|x64
		{9AF7583F-6AED-4B24-9771-F946E0EB91E8}.Ad-Hoc|x64.Build.0 = Release|x64
		{9AF7583F-6AED-4B24-9771-F946E0EB91E8}.Ad-Hoc|x64.Deploy.0 = Release|x64
		{9AF7583F-6AED-4B24-9771-F946E0EB91E8}.Ad-Hoc|x86.ActiveCfg = Release|x86
		{9AF7583F-6AED-4B24-9771-F946E0EB91E8}.Ad-Hoc|x86.Build.0 = Release|x86
		{9AF7583F-6AED-4B24-9771-F946E0EB91E8}.Ad-Hoc|x86.Deploy.0 = Release|x86
		{9AF7583F-6AED-4B24-9771-F946E0EB91E8}.AppStore|Any CPU.ActiveCfg = Release|x86
		{9AF7583F-6AED-4B24-9771-F946E0EB91E8}.AppStore|Any CPU.Build.0 = Release|x86
		{9AF7583F-6AED-4B24-9771-F946E0EB91E8}.AppStore|Any CPU.Deploy.0 = Release|x86
		{9AF7583F-6AED-4B24-9771-F946E0EB91E8}.AppStore|ARM.ActiveCfg = Release|ARM
		{9AF7583F-6AED-4B24-9771-F946E0EB91E8}.AppStore|ARM.Build.0 = Release|ARM
		{9AF7583F-6AED-4B24-9771-F946E0EB91E8}.AppStore|ARM.Deploy.0 = Release|ARM
		{9AF7583F-6AED-4B24-9771-F946E0EB91E8}.AppStore|iPhone.ActiveCfg = Release|x86
		{9AF7583F-6AED-4B24-9771-F946E0EB91E8}.AppStore|iPhone.Build.0 = Release|x86
		{9AF7583F-6AED-4B24-9771-F946E0EB91E8}.AppStore|iPhone.Deploy.0 = Release|x86
		{9AF7583F-6AED-4B24-9771-F946E0EB91E8}.AppStore|iPhoneSimulator.ActiveCfg = Release|x86
		{9AF7583F-6AED-4B24-9771-F946E0EB91E8}.AppStore|iPhoneSimulator.Build.0 = Release|x86
		{9AF7583F-6AED-4B24-9771-F946E0EB91E8}.AppStore|iPhoneSimulator.Deploy.0 = Release|x86
		{9AF7583F-6AED-4B24-9771-F946E0EB91E8}.AppStore|x64.ActiveCfg = Release|x64
		{9AF7583F-6AED-4B24-9771-F946E0EB91E8}.AppStore|x64.Build.0 = Release|x64
		{9AF7583F-6AED-4B24-9771-F946E0EB91E8}.AppStore|x64.Deploy.0 = Release|x64
		{9AF7583F-6AED-4B24-9771-F946E0EB91E8}.AppStore|x86.ActiveCfg = Release|x86
		{9AF7583F-6AED-4B24-9771-F946E0EB91E8}.AppStore|x86.Build.0 = Release|x86
		{9AF7583F-6AED-4B24-9771-F946E0EB91E8}.AppStore|x86.Deploy.0 = Release|x86
		{9AF7583F-6AED-4B24-9771-F946E0EB91E8}.Debug|Any CPU.ActiveCfg = Debug|x86
		{9AF7583F-6AED-4B24-9771-F946E0EB91E8}.Debug|ARM.ActiveCfg = Debug|ARM
		{9AF7583F-6AED-4B24-9771-F946E0EB91E8}.Debug|ARM.Build.0 = Debug|ARM
		{9AF7583F-6AED-4B24-9771-F946E0EB91E8}.Debug|ARM.Deploy.0 = Debug|ARM
		{9AF7583F-6AED-4B24-9771-F946E0EB91E8}.Debug|iPhone.ActiveCfg = Debug|x86
		{9AF7583F-6AED-4B24-9771-F946E0EB91E8}.Debug|iPhoneSimulator.ActiveCfg = Debug|x86
		{9AF7583F-6AED-4B24-9771-F946E0EB91E8}.Debug|x64.ActiveCfg = Debug|x64
		{9AF7583F-6AED-4B24-9771-F946E0EB91E8}.Debug|x64.Build.0 = Debug|x64
		{9AF7583F-6AED-4B24-9771-F946E0EB91E8}.Debug|x64.Deploy.0 = Debug|x64
		{9AF7583F-6AED-4B24-9771-F946E0EB91E8}.Debug|x86.ActiveCfg = Debug|x86
		{9AF7583F-6AED-4B24-9771-F946E0EB91E8}.Debug|x86.Build.0 = Debug|x86
		{9AF7583F-6AED-4B24-9771-F946E0EB91E8}.Debug|x86.Deploy.0 = Debug|x86
		{9AF7583F-6AED-4B24-9771-F946E0EB91E8}.Release|Any CPU.ActiveCfg = Release|x86
		{9AF7583F-6AED-4B24-9771-F946E0EB91E8}.Release|ARM.ActiveCfg = Release|ARM
		{9AF7583F-6AED-4B24-9771-F946E0EB91E8}.Release|ARM.Build.0 = Release|ARM
		{9AF7583F-6AED-4B24-9771-F946E0EB91E8}.Release|ARM.Deploy.0 = Release|ARM
		{9AF7583F-6AED-4B24-9771-F946E0EB91E8}.Release|iPhone.ActiveCfg = Release|x86
		{9AF7583F-6AED-4B24-9771-F946E0EB91E8}.Release|iPhoneSimulator.ActiveCfg = Release|x86
		{9AF7583F-6AED-4B24-9771-F946E0EB91E8}.Release|x64.ActiveCfg = Release|x64
		{9AF7583F-6AED-4B24-9771-F946E0EB91E8}.Release|x64.Build.0 = Release|x64
		{9AF7583F-6AED-4B24-9771-F946E0EB91E8}.Release|x64.Deploy.0 = Release|x64
		{9AF7583F-6AED-4B24-9771-F946E0EB91E8}.Release|x86.ActiveCfg = Release|x86
		{9AF7583F-6AED-4B24-9771-F946E0EB91E8}.Release|x86.Build.0 = Release|x86
		{9AF7583F-6AED-4B24-9771-F946E0EB91E8}.Release|x86.Deploy.0 = Release|x86
		{F9DA4970-DA0A-457E-824E-5D455529757E}.Ad-Hoc|Any CPU.ActiveCfg = Ad-Hoc|iPhone
		{F9DA4970-DA0A-457E-824E-5D455529757E}.Ad-Hoc|ARM.ActiveCfg = Ad-Hoc|iPhone
		{F9DA4970-DA0A-457E-824E-5D455529757E}.Ad-Hoc|iPhone.ActiveCfg = Ad-Hoc|iPhone
		{F9DA4970-DA0A-457E-824E-5D455529757E}.Ad-Hoc|iPhone.Build.0 = Ad-Hoc|iPhone
		{F9DA4970-DA0A-457E-824E-5D455529757E}.Ad-Hoc|iPhoneSimulator.ActiveCfg = Ad-Hoc|iPhoneSimulator
		{F9DA4970-DA0A-457E-824E-5D455529757E}.Ad-Hoc|iPhoneSimulator.Build.0 = Ad-Hoc|iPhoneSimulator
		{F9DA4970-DA0A-457E-824E-5D455529757E}.Ad-Hoc|x64.ActiveCfg = Ad-Hoc|iPhone
		{F9DA4970-DA0A-457E-824E-5D455529757E}.Ad-Hoc|x86.ActiveCfg = Ad-Hoc|iPhone
		{F9DA4970-DA0A-457E-824E-5D455529757E}.AppStore|Any CPU.ActiveCfg = AppStore|iPhone
		{F9DA4970-DA0A-457E-824E-5D455529757E}.AppStore|ARM.ActiveCfg = AppStore|iPhone
		{F9DA4970-DA0A-457E-824E-5D455529757E}.AppStore|iPhone.ActiveCfg = AppStore|iPhone
		{F9DA4970-DA0A-457E-824E-5D455529757E}.AppStore|iPhone.Build.0 = AppStore|iPhone
		{F9DA4970-DA0A-457E-824E-5D455529757E}.AppStore|iPhoneSimulator.ActiveCfg = AppStore|iPhoneSimulator
		{F9DA4970-DA0A-457E-824E-5D455529757E}.AppStore|iPhoneSimulator.Build.0 = AppStore|iPhoneSimulator
		{F9DA4970-DA0A-457E-824E-5D455529757E}.AppStore|x64.ActiveCfg = AppStore|iPhone
		{F9DA4970-DA0A-457E-824E-5D455529757E}.AppStore|x86.ActiveCfg = AppStore|iPhone
		{F9DA4970-DA0A-457E-824E-5D455529757E}.Debug|Any CPU.ActiveCfg = Debug|iPhone
		{F9DA4970-DA0A-457E-824E-5D455529757E}.Debug|ARM.ActiveCfg = Debug|iPhone
		{F9DA4970-DA0A-457E-824E-5D455529757E}.Debug|iPhone.ActiveCfg = Debug|iPhone
		{F9DA4970-DA0A-457E-824E-5D455529757E}.Debug|iPhone.Build.0 = Debug|iPhone
		{F9DA4970-DA0A-457E-824E-5D455529757E}.Debug|iPhoneSimulator.ActiveCfg = Debug|iPhoneSimulator
		{F9DA4970-DA0A-457E-824E-5D455529757E}.Debug|iPhoneSimulator.Build.0 = Debug|iPhoneSimulator
		{F9DA4970-DA0A-457E-824E-5D455529757E}.Debug|x64.ActiveCfg = Debug|iPhone
		{F9DA4970-DA0A-457E-824E-5D455529757E}.Debug|x86.ActiveCfg = Debug|iPhone
		{F9DA4970-DA0A-457E-824E-5D455529757E}.Release|Any CPU.ActiveCfg = Release|iPhone
		{F9DA4970-DA0A-457E-824E-5D455529757E}.Release|ARM.ActiveCfg = Release|iPhone
		{F9DA4970-DA0A-457E-824E-5D455529757E}.Release|iPhone.ActiveCfg = Release|iPhone
		{F9DA4970-DA0A-457E-824E-5D455529757E}.Release|iPhone.Build.0 = Release|iPhone
		{F9DA4970-DA0A-457E-824E-5D455529757E}.Release|iPhoneSimulator.ActiveCfg = Release|iPhoneSimulator
		{F9DA4970-DA0A-457E-824E-5D455529757E}.Release|iPhoneSimulator.Build.0 = Release|iPhoneSimulator
		{F9DA4970-DA0A-457E-824E-5D455529757E}.Release|x64.ActiveCfg = Release|iPhone
		{F9DA4970-DA0A-457E-824E-5D455529757E}.Release|x86.ActiveCfg = Release|iPhone
	EndGlobalSection
	GlobalSection(SolutionProperties) = preSolution
		HideSolutionNode = FALSE
	EndGlobalSection
EndGlobal
